{
  "name": "minecraft-bots",
  "version": "1.0.0",
  "lockfileVersion": 1,
  "requires": true,
  "dependencies": {
    "a-star": {
      "version": "0.2.0",
      "resolved": "https://registry.npmjs.org/a-star/-/a-star-0.2.0.tgz",
      "integrity": "sha1-oUI8gww7+aJZ1JC/vycQ55LwRPk=",
      "requires": {
        "dict": "1.4.0",
        "heap": "0.2.6",
        "Set": "0.4.1"
      }
    },
    "dict": {
      "version": "1.4.0",
      "resolved": "https://registry.npmjs.org/dict/-/dict-1.4.0.tgz",
      "integrity": "sha1-g9h9V88MSsDYNGCESLEKbiO7/qA="
    },
    "heap": {
      "version": "0.2.6",
      "resolved": "https://registry.npmjs.org/heap/-/heap-0.2.6.tgz",
      "integrity": "sha1-CH4fELBGky/IWU3Z5tN4r8nR5aw="
    },
    "mineflayer-navigate": {
      "version": "0.0.10",
      "resolved": "https://registry.npmjs.org/mineflayer-navigate/-/mineflayer-navigate-0.0.10.tgz",
      "integrity": "sha1-fbUrR/1ByaJT5IeIXtR8f8P7UPg=",
      "requires": {
        "a-star": "0.2.0",
        "vec3": "0.1.3"
      }
    },
    "Set": {
      "version": "0.4.1",
      "resolved": "https://registry.npmjs.org/Set/-/Set-0.4.1.tgz",
      "integrity": "sha1-g4VYe+mGPknS/9eoXhoeSxFjPKY="
    },
    "vec3": {
      "version": "0.1.3",
      "resolved": "https://registry.npmjs.org/vec3/-/vec3-0.1.3.tgz",
      "integrity": "sha1-9ZUuEFN9nW64VLirfO8BsvwU5a8="
    }
  }
}
